
Microsoft Visual Studio Solution File, Format Version 11.00
# Visual Studio 2010
Project("{FAE04EC0-301F-11D3-BF4B-00C04F79EFBC}") = "PanelViewer", "PanelViewer\PanelViewer.csproj", "{2E19419F-72D0-4316-BEBD-60446ADFB956}"
EndProject
Project("{2150E333-8FDC-42A3-9474-1A3956D46DE8}") = "Solution Items", "Solution Items", "{E26766EA-443C-482D-9E2C-0A1A64A14594}"
EndProject
Global
	GlobalSection(SubversionScc) = preSolution
		Svn-Managed = True
		Manager = AnkhSVN - Subversion Support for Visual Studio
	EndGlobalSection
	GlobalSection(SolutionConfigurationPlatforms) = preSolution
		Debug|x86 = Debug|x86
		Release|x86 = Release|x86
	EndGlobalSection
	GlobalSection(ProjectConfigurationPlatforms) = postSolution
		{2E19419F-72D0-4316-BEBD-60446ADFB956}.Debug|x86.ActiveCfg = Debug|x86
		{2E19419F-72D0-4316-BEBD-60446ADFB956}.Debug|x86.Build.0 = Debug|x86
		{2E19419F-72D0-4316-BEBD-60446ADFB956}.Release|x86.ActiveCfg = Release|x86
		{2E19419F-72D0-4316-BEBD-60446ADFB956}.Release|x86.Build.0 = Release|x86
	EndGlobalSection
	GlobalSection(SolutionProperties) = preSolution
		HideSolutionNode = FALSE
	EndGlobalSection
EndGlobal
